// !$*UTF8*$!
{
	archiveVersion = 1;
	classes = {
	};
	objectVersion = 46;
	objects = {

/* Begin PBXBuildFile section */
		6772D1411B9E1B3500808176 /* LogViewController.swift in Sources */ = {isa = PBXBuildFile; fileRef = 6772D1401B9E1B3500808176 /* LogViewController.swift */; settings = {ASSET_TAGS = (); }; };
		6772D1431B9E1BDF00808176 /* LogTableViewCell.swift in Sources */ = {isa = PBXBuildFile; fileRef = 6772D1421B9E1BDF00808176 /* LogTableViewCell.swift */; settings = {ASSET_TAGS = (); }; };
		6772D1471B9E5B3400808176 /* Fabric.framework in Frameworks */ = {isa = PBXBuildFile; fileRef = 6772D1451B9E5B3400808176 /* Fabric.framework */; settings = {ASSET_TAGS = (); }; };
		6772D1481B9E5B3400808176 /* Crashlytics.framework in Frameworks */ = {isa = PBXBuildFile; fileRef = 6772D1461B9E5B3400808176 /* Crashlytics.framework */; settings = {ASSET_TAGS = (); }; };
		67F43F7B1B9E107B00355F23 /* AppDelegate.swift in Sources */ = {isa = PBXBuildFile; fileRef = 67F43F7A1B9E107B00355F23 /* AppDelegate.swift */; };
		67F43F7D1B9E107B00355F23 /* MainViewController.swift in Sources */ = {isa = PBXBuildFile; fileRef = 67F43F7C1B9E107B00355F23 /* MainViewController.swift */; };
		67F43F801B9E107B00355F23 /* Main.storyboard in Resources */ = {isa = PBXBuildFile; fileRef = 67F43F7E1B9E107B00355F23 /* Main.storyboard */; };
		67F43F821B9E107B00355F23 /* Assets.xcassets in Resources */ = {isa = PBXBuildFile; fileRef = 67F43F811B9E107B00355F23 /* Assets.xcassets */; };
		67F43F851B9E107B00355F23 /* LaunchScreen.storyboard in Resources */ = {isa = PBXBuildFile; fileRef = 67F43F831B9E107B00355F23 /* LaunchScreen.storyboard */; };
		67F43F8E1B9E10BB00355F23 /* HealthKit.framework in Frameworks */ = {isa = PBXBuildFile; fileRef = 67F43F8D1B9E10BB00355F23 /* HealthKit.framework */; };
/* End PBXBuildFile section */

/* Begin PBXFileReference section */
		6772D1401B9E1B3500808176 /* LogViewController.swift */ = {isa = PBXFileReference; fileEncoding = 4; lastKnownFileType = sourcecode.swift; path = LogViewController.swift; sourceTree = "<group>"; };
		6772D1421B9E1BDF00808176 /* LogTableViewCell.swift */ = {isa = PBXFileReference; fileEncoding = 4; lastKnownFileType = sourcecode.swift; path = LogTableViewCell.swift; sourceTree = "<group>"; };
		6772D1451B9E5B3400808176 /* Fabric.framework */ = {isa = PBXFileReference; lastKnownFileType = wrapper.framework; path = Fabric.framework; sourceTree = "<group>"; };
		6772D1461B9E5B3400808176 /* Crashlytics.framework */ = {isa = PBXFileReference; lastKnownFileType = wrapper.framework; path = Crashlytics.framework; sourceTree = "<group>"; };
		67F43F771B9E107B00355F23 /* Abby's Cycle Tracker.app */ = {isa = PBXFileReference; explicitFileType = wrapper.application; includeInIndex = 0; path = "Abby's Cycle Tracker.app"; sourceTree = BUILT_PRODUCTS_DIR; };
		67F43F7A1B9E107B00355F23 /* AppDelegate.swift */ = {isa = PBXFileReference; lastKnownFileType = sourcecode.swift; path = AppDelegate.swift; sourceTree = "<group>"; };
		67F43F7C1B9E107B00355F23 /* MainViewController.swift */ = {isa = PBXFileReference; lastKnownFileType = sourcecode.swift; path = MainViewController.swift; sourceTree = "<group>"; };
		67F43F7F1B9E107B00355F23 /* Base */ = {isa = PBXFileReference; lastKnownFileType = file.storyboard; name = Base; path = Base.lproj/Main.storyboard; sourceTree = "<group>"; };
		67F43F811B9E107B00355F23 /* Assets.xcassets */ = {isa = PBXFileReference; lastKnownFileType = folder.assetcatalog; path = Assets.xcassets; sourceTree = "<group>"; };
		67F43F841B9E107B00355F23 /* Base */ = {isa = PBXFileReference; lastKnownFileType = file.storyboard; name = Base; path = Base.lproj/LaunchScreen.storyboard; sourceTree = "<group>"; };
		67F43F861B9E107B00355F23 /* Info.plist */ = {isa = PBXFileReference; lastKnownFileType = text.plist.xml; path = Info.plist; sourceTree = "<group>"; };
		67F43F8C1B9E10BB00355F23 /* Abby's Cycle Tracker.entitlements */ = {isa = PBXFileReference; lastKnownFileType = text.xml; path = "Abby's Cycle Tracker.entitlements"; sourceTree = "<group>"; };
		67F43F8D1B9E10BB00355F23 /* HealthKit.framework */ = {isa = PBXFileReference; lastKnownFileType = wrapper.framework; name = HealthKit.framework; path = System/Library/Frameworks/HealthKit.framework; sourceTree = SDKROOT; };
/* End PBXFileReference section */

/* Begin PBXFrameworksBuildPhase section */
		67F43F741B9E107B00355F23 /* Frameworks */ = {
			isa = PBXFrameworksBuildPhase;
			buildActionMask = 2147483647;
			files = (
				67F43F8E1B9E10BB00355F23 /* HealthKit.framework in Frameworks */,
				6772D1481B9E5B3400808176 /* Crashlytics.framework in Frameworks */,
				6772D1471B9E5B3400808176 /* Fabric.framework in Frameworks */,
			);
			runOnlyForDeploymentPostprocessing = 0;
		};
/* End PBXFrameworksBuildPhase section */

/* Begin PBXGroup section */
		67F43F6E1B9E107B00355F23 = {
			isa = PBXGroup;
			children = (
				6772D1451B9E5B3400808176 /* Fabric.framework */,
				6772D1461B9E5B3400808176 /* Crashlytics.framework */,
				67F43F8D1B9E10BB00355F23 /* HealthKit.framework */,
				67F43F791B9E107B00355F23 /* Abby's Cycle Tracker */,
				67F43F781B9E107B00355F23 /* Products */,
			);
			sourceTree = "<group>";
		};
		67F43F781B9E107B00355F23 /* Products */ = {
			isa = PBXGroup;
			children = (
				67F43F771B9E107B00355F23 /* Abby's Cycle Tracker.app */,
			);
			name = Products;
			sourceTree = "<group>";
		};
		67F43F791B9E107B00355F23 /* Abby's Cycle Tracker */ = {
			isa = PBXGroup;
			children = (
				67F43F8C1B9E10BB00355F23 /* Abby's Cycle Tracker.entitlements */,
				67F43F7A1B9E107B00355F23 /* AppDelegate.swift */,
				67F43F7C1B9E107B00355F23 /* MainViewController.swift */,
				6772D1401B9E1B3500808176 /* LogViewController.swift */,
				67F43F7E1B9E107B00355F23 /* Main.storyboard */,
				67F43F811B9E107B00355F23 /* Assets.xcassets */,
				67F43F831B9E107B00355F23 /* LaunchScreen.storyboard */,
				67F43F861B9E107B00355F23 /* Info.plist */,
				6772D1421B9E1BDF00808176 /* LogTableViewCell.swift */,
			);
			path = "Abby's Cycle Tracker";
			sourceTree = "<group>";
		};
/* End PBXGroup section */

/* Begin PBXNativeTarget section */
		67F43F761B9E107B00355F23 /* Abby's Cycle Tracker */ = {
			isa = PBXNativeTarget;
			buildConfigurationList = 67F43F891B9E107B00355F23 /* Build configuration list for PBXNativeTarget "Abby's Cycle Tracker" */;
			buildPhases = (
				67F43F731B9E107B00355F23 /* Sources */,
				67F43F741B9E107B00355F23 /* Frameworks */,
				67F43F751B9E107B00355F23 /* Resources */,
				6772D1441B9E5AE600808176 /* ShellScript */,
			);
			buildRules = (
			);
			dependencies = (
			);
			name = "Abby's Cycle Tracker";
			productName = "Abby's Cycle Tracker";
			productReference = 67F43F771B9E107B00355F23 /* Abby's Cycle Tracker.app */;
			productType = "com.apple.product-type.application";
		};
/* End PBXNativeTarget section */

/* Begin PBXProject section */
		67F43F6F1B9E107B00355F23 /* Project object */ = {
			isa = PBXProject;
			attributes = {
				LastUpgradeCheck = 0700;
				ORGANIZATIONNAME = "Kasra Rahjerdi";
				TargetAttributes = {
					67F43F761B9E107B00355F23 = {
						CreatedOnToolsVersion = 7.0;
						DevelopmentTeam = WS925YREA8;
						SystemCapabilities = {
							com.apple.HealthKit = {
								enabled = 1;
							};
						};
					};
				};
			};
			buildConfigurationList = 67F43F721B9E107B00355F23 /* Build configuration list for PBXProject "Abby's Cycle Tracker" */;
			compatibilityVersion = "Xcode 3.2";
			developmentRegion = English;
			hasScannedForEncodings = 0;
			knownRegions = (
				en,
				Base,
			);
			mainGroup = 67F43F6E1B9E107B00355F23;
			productRefGroup = 67F43F781B9E107B00355F23 /* Products */;
			projectDirPath = "";
			projectRoot = "";
			targets = (
				67F43F761B9E107B00355F23 /* Abby's Cycle Tracker */,
			);
		};
/* End PBXProject section */

/* Begin PBXResourcesBuildPhase section */
		67F43F751B9E107B00355F23 /* Resources */ = {
			isa = PBXResourcesBuildPhase;
			buildActionMask = 2147483647;
			files = (
				67F43F851B9E107B00355F23 /* LaunchScreen.storyboard in Resources */,
				67F43F821B9E107B00355F23 /* Assets.xcassets in Resources */,
				67F43F801B9E107B00355F23 /* Main.storyboard in Resources */,
			);
			runOnlyForDeploymentPostprocessing = 0;
		};
/* End PBXResourcesBuildPhase section */

/* Begin PBXShellScriptBuildPhase section */
		6772D1441B9E5AE600808176 /* ShellScript */ = {
			isa = PBXShellScriptBuildPhase;
			buildActionMask = 2147483647;
			files = (
			);
			inputPaths = (
			);
			outputPaths = (
			);
			runOnlyForDeploymentPostprocessing = 0;
			shellPath = /bin/sh;
			shellScript = "./Fabric.framework/run c632577cff3855aa1a09f657e44d98ecf96cc9fc b8a8d85e8fc0c4024fcc76fc3f7aadc04c99a178bb3987f40f89db01e7e8a9d6";
		};
/* End PBXShellScriptBuildPhase section */

/* Begin PBXSourcesBuildPhase section */
		67F43F731B9E107B00355F23 /* Sources */ = {
			isa = PBXSourcesBuildPhase;
			buildActionMask = 2147483647;
			files = (
				6772D1411B9E1B3500808176 /* LogViewController.swift in Sources */,
				67F43F7D1B9E107B00355F23 /* MainViewController.swift in Sources */,
				6772D1431B9E1BDF00808176 /* LogTableViewCell.swift in Sources */,
				67F43F7B1B9E107B00355F23 /* AppDelegate.swift in Sources */,
			);
			runOnlyForDeploymentPostprocessing = 0;
		};
/* End PBXSourcesBuildPhase section */

/* Begin PBXVariantGroup section */
		67F43F7E1B9E107B00355F23 /* Main.storyboard */ = {
			isa = PBXVariantGroup;
			children = (
				67F43F7F1B9E107B00355F23 /* Base */,
			);
			name = Main.storyboard;
			sourceTree = "<group>";
		};
		67F43F831B9E107B00355F23 /* LaunchScreen.storyboard */ = {
			isa = PBXVariantGroup;
			children = (
				67F43F841B9E107B00355F23 /* Base */,
			);
			name = LaunchScreen.storyboard;
			sourceTree = "<group>";
		};
/* End PBXVariantGroup section */

/* Begin XCBuildConfiguration section */
		67F43F871B9E107B00355F23 /* Debug */ = {
			isa = XCBuildConfiguration;
			buildSettings = {
				ALWAYS_SEARCH_USER_PATHS = NO;
				CLANG_CXX_LANGUAGE_STANDARD = "gnu++0x";
				CLANG_CXX_LIBRARY = "libc++";
				CLANG_ENABLE_MODULES = YES;
				CLANG_ENABLE_OBJC_ARC = YES;
				CLANG_WARN_BOOL_CONVERSION = YES;
				CLANG_WARN_CONSTANT_CONVERSION = YES;
				CLANG_WARN_DIRECT_OBJC_ISA_USAGE = YES_ERROR;
				CLANG_WARN_EMPTY_BODY = YES;
				CLANG_WARN_ENUM_CONVERSION = YES;
				CLANG_WARN_INT_CONVERSION = YES;
				CLANG_WARN_OBJC_ROOT_CLASS = YES_ERROR;
				CLANG_WARN_UNREACHABLE_CODE = YES;
				CLANG_WARN__DUPLICATE_METHOD_MATCH = YES;
				"CODE_SIGN_IDENTITY[sdk=iphoneos*]" = "iPhone Developer";
				COPY_PHASE_STRIP = NO;
				DEBUG_INFORMATION_FORMAT = dwarf;
				ENABLE_STRICT_OBJC_MSGSEND = YES;
				ENABLE_TESTABILITY = YES;
				GCC_C_LANGUAGE_STANDARD = gnu99;
				GCC_DYNAMIC_NO_PIC = NO;
				GCC_NO_COMMON_BLOCKS = YES;
				GCC_OPTIMIZATION_LEVEL = 0;
				GCC_PREPROCESSOR_DEFINITIONS = (
					"DEBUG=1",
					"$(inherited)",
				);
				GCC_WARN_64_TO_32_BIT_CONVERSION = YES;
				GCC_WARN_ABOUT_RETURN_TYPE = YES_ERROR;
				GCC_WARN_UNDECLARED_SELECTOR = YES;
				GCC_WARN_UNINITIALIZED_AUTOS = YES_AGGRESSIVE;
				GCC_WARN_UNUSED_FUNCTION = YES;
				GCC_WARN_UNUSED_VARIABLE = YES;
				IPHONEOS_DEPLOYMENT_TARGET = 9.0;
				MTL_ENABLE_DEBUG_INFO = YES;
				ONLY_ACTIVE_ARCH = YES;
				PROVISIONING_PROFILE = "51cbd3ca-2148-44ad-bd5f-d8c1f1008567";
				SDKROOT = iphoneos;
				SWIFT_OPTIMIZATION_LEVEL = "-Onone";
				TARGETED_DEVICE_FAMILY = "1,2";
			};
			name = Debug;
		};
		67F43F881B9E107B00355F23 /* Release */ = {
			isa = XCBuildConfiguration;
			buildSettings = {
				ALWAYS_SEARCH_USER_PATHS = NO;
				CLANG_CXX_LANGUAGE_STANDARD = "gnu++0x";
				CLANG_CXX_LIBRARY = "libc++";
				CLANG_ENABLE_MODULES = YES;
				CLANG_ENABLE_OBJC_ARC = YES;
				CLANG_WARN_BOOL_CONVERSION = YES;
				CLANG_WARN_CONSTANT_CONVERSION = YES;
				CLANG_WARN_DIRECT_OBJC_ISA_USAGE = YES_ERROR;
				CLANG_WARN_EMPTY_BODY = YES;
				CLANG_WARN_ENUM_CONVERSION = YES;
				CLANG_WARN_INT_CONVERSION = YES;
				CLANG_WARN_OBJC_ROOT_CLASS = YES_ERROR;
				CLANG_WARN_UNREACHABLE_CODE = YES;
				CLANG_WARN__DUPLICATE_METHOD_MATCH = YES;
				"CODE_SIGN_IDENTITY[sdk=iphoneos*]" = "iPhone Developer";
				COPY_PHASE_STRIP = NO;
				DEBUG_INFORMATION_FORMAT = "dwarf-with-dsym";
				ENABLE_NS_ASSERTIONS = NO;
				ENABLE_STRICT_OBJC_MSGSEND = YES;
				GCC_C_LANGUAGE_STANDARD = gnu99;
				GCC_NO_COMMON_BLOCKS = YES;
				GCC_WARN_64_TO_32_BIT_CONVERSION = YES;
				GCC_WARN_ABOUT_RETURN_TYPE = YES_ERROR;
				GCC_WARN_UNDECLARED_SELECTOR = YES;
				GCC_WARN_UNINITIALIZED_AUTOS = YES_AGGRESSIVE;
				GCC_WARN_UNUSED_FUNCTION = YES;
				GCC_WARN_UNUSED_VARIABLE = YES;
				IPHONEOS_DEPLOYMENT_TARGET = 9.0;
				MTL_ENABLE_DEBUG_INFO = NO;
				PROVISIONING_PROFILE = "51cbd3ca-2148-44ad-bd5f-d8c1f1008567";
				SDKROOT = iphoneos;
				TARGETED_DEVICE_FAMILY = "1,2";
				VALIDATE_PRODUCT = YES;
			};
			name = Release;
		};
		67F43F8A1B9E107B00355F23 /* Debug */ = {
			isa = XCBuildConfiguration;
			buildSettings = {
				ASSETCATALOG_COMPILER_APPICON_NAME = AppIcon;
				CODE_SIGN_ENTITLEMENTS = "Abby's Cycle Tracker/Abby's Cycle Tracker.entitlements";
				CODE_SIGN_IDENTITY = "iPhone Developer";
				"CODE_SIGN_IDENTITY[sdk=iphoneos*]" = "iPhone Developer";
				DEBUG_INFORMATION_FORMAT = "dwarf-with-dsym";
				ENABLE_BITCODE = NO;
				FRAMEWORK_SEARCH_PATHS = (
					"$(inherited)",
					"$(PROJECT_DIR)",
				);
				INFOPLIST_FILE = "Abby's Cycle Tracker/Info.plist";
				LD_RUNPATH_SEARCH_PATHS = "$(inherited) @executable_path/Frameworks";
				PRODUCT_BUNDLE_IDENTIFIER = "com.kasra.abbys-tracker.Abby-s-Cycle-Tracker";
				PRODUCT_NAME = "$(TARGET_NAME)";
				PROVISIONING_PROFILE = "51cbd3ca-2148-44ad-bd5f-d8c1f1008567";
			};
			name = Debug;
		};
		67F43F8B1B9E107B00355F23 /* Release */ = {
			isa = XCBuildConfiguration;
			buildSettings = {
				ASSETCATALOG_COMPILER_APPICON_NAME = AppIcon;
				CODE_SIGN_ENTITLEMENTS = "Abby's Cycle Tracker/Abby's Cycle Tracker.entitlements";
				CODE_SIGN_IDENTITY = "iPhone Developer";
				"CODE_SIGN_IDENTITY[sdk=iphoneos*]" = "iPhone Developer";
				ENABLE_BITCODE = NO;
				FRAMEWORK_SEARCH_PATHS = (
					"$(inherited)",
					"$(PROJECT_DIR)",
				);
				INFOPLIST_FILE = "Abby's Cycle Tracker/Info.plist";
				LD_RUNPATH_SEARCH_PATHS = "$(inherited) @executable_path/Frameworks";
				PRODUCT_BUNDLE_IDENTIFIER = "com.kasra.abbys-tracker.Abby-s-Cycle-Tracker";
				PRODUCT_NAME = "$(TARGET_NAME)";
				PROVISIONING_PROFILE = "51cbd3ca-2148-44ad-bd5f-d8c1f1008567";
			};
			name = Release;
		};
/* End XCBuildConfiguration section */

/* Begin XCConfigurationList section */
		67F43F721B9E107B00355F23 /* Build configuration list for PBXProject "Abby's Cycle Tracker" */ = {
			isa = XCConfigurationList;
			buildConfigurations = (
				67F43F871B9E107B00355F23 /* Debug */,
				67F43F881B9E107B00355F23 /* Release */,
			);
			defaultConfigurationIsVisible = 0;
			defaultConfigurationName = Release;
		};
		67F43F891B9E107B00355F23 /* Build configuration list for PBXNativeTarget "Abby's Cycle Tracker" */ = {
			isa = XCConfigurationList;
			buildConfigurations = (
				67F43F8A1B9E107B00355F23 /* Debug */,
				67F43F8B1B9E107B00355F23 /* Release */,
			);
			defaultConfigurationIsVisible = 0;
			defaultConfigurationName = Release;
		};
/* End XCConfigurationList section */
	};
	rootObject = 67F43F6F1B9E107B00355F23 /* Project object */;
}
